
Microsoft Visual Studio Solution File, Format Version 12.00
# Visual Studio Version 17
VisualStudioVersion = 17.8.34309.116
MinimumVisualStudioVersion = 10.0.40219.1
Project("{FAE04EC0-301F-11D3-BF4B-00C04F79EFBC}") = "MinimalApiBooks", "MinimalApiBooks\MinimalApiBooks.csproj", "{00A35FE8-6D3B-489D-8EBB-9B57E1DDC446}"
EndProject
Global
	GlobalSection(SolutionConfigurationPlatforms) = preSolution
		Debug|Any CPU = Debug|Any CPU
		Release|Any CPU = Release|Any CPU
	EndGlobalSection
	GlobalSection(ProjectConfigurationPlatforms) = postSolution
		{00A35FE8-6D3B-489D-8EBB-9B57E1DDC446}.Debug|Any CPU.ActiveCfg = Debug|Any CPU
		{00A35FE8-6D3B-489D-8EBB-9B57E1DDC446}.Debug|Any CPU.Build.0 = Debug|Any CPU
		{00A35FE8-6D3B-489D-8EBB-9B57E1DDC446}.Release|Any CPU.ActiveCfg = Release|Any CPU
		{00A35FE8-6D3B-489D-8EBB-9B57E1DDC446}.Release|Any CPU.Build.0 = Release|Any CPU
	EndGlobalSection
	GlobalSection(SolutionProperties) = preSolution
		HideSolutionNode = FALSE
	EndGlobalSection
	GlobalSection(ExtensibilityGlobals) = postSolution
		SolutionGuid = {39DE7A98-2DB6-4C9D-9AD8-B32B67F490D1}
	EndGlobalSection
EndGlobal
